<?xml version="1.0" encoding="utf-8"?>
<Project ToolsVersion="4.0" xmlns="http://schemas.microsoft.com/developer/msbuild/2003">
  <ItemGroup>
    <ClCompile Include="PrecompiledHeader.cpp" />
    <ClCompile Include="UWPNoGUIPlatform.cpp" />
    <ClCompile Include="..\pcsx2-nogui\NoGUIHost.cpp" />
  </ItemGroup>
  <ItemGroup>
    <ClInclude Include="PrecompiledHeader.h" />
    <ClInclude Include="UWPNoGUIPlatform.h" />
    <ClInclude Include="UWPKeyNames.h" />
    <ClInclude Include="..\pcsx2-nogui\NoGUIHost.h" />
    <ClInclude Include="..\pcsx2-nogui\NoGUIPlatform.h" />
    <ClInclude Include="svnrev.h" />
  </ItemGroup>
  <ItemGroup>
    <AppxManifest Include="Package.appxmanifest" />
  </ItemGroup>
  <ItemGroup>
    <Filter Include="Assets">
      <UniqueIdentifier>{73720454-f573-4783-af13-d43343520fef}</UniqueIdentifier>
    </Filter>
    <Filter Include="resources">
      <UniqueIdentifier>{f68a52b0-43dc-4f3b-9ac8-1144d2601c9d}</UniqueIdentifier>
    </Filter>
    <Filter Include="resources\icons">
      <UniqueIdentifier>{0f2a4567-718b-483f-9e24-26e52e529cc6}</UniqueIdentifier>
    </Filter>
    <Filter Include="resources\icons\flags">
      <UniqueIdentifier>{be96f88a-21f6-48fc-8c50-e478a6f58bc8}</UniqueIdentifier>
    </Filter>
    <Filter Include="resources\fullscreenui">
      <UniqueIdentifier>{4a14c6bd-e575-4491-ac9e-4c8bee006e99}</UniqueIdentifier>
    </Filter>
    <Filter Include="resources\fonts">
      <UniqueIdentifier>{a8ced41e-71cc-4034-b750-70dca343a56c}</UniqueIdentifier>
    </Filter>
    <Filter Include="resources\shaders">
      <UniqueIdentifier>{57177e7e-342a-44c7-bd0c-d50ffbb2532c}</UniqueIdentifier>
    </Filter>
    <Filter Include="resources\shaders\common">
      <UniqueIdentifier>{a8fcb069-3ce2-4d8e-82de-0e722ec87ff8}</UniqueIdentifier>
    </Filter>
    <Filter Include="resources\shaders\dx11">
      <UniqueIdentifier>{f4601cc4-2d4c-4385-a25d-48255d89dc55}</UniqueIdentifier>
    </Filter>
  </ItemGroup>
  <ItemGroup>
    <Image Include="Assets\Square150x150Logo.scale-100.png">
      <Filter>Assets</Filter>
    </Image>
    <Image Include="Assets\Square150x150Logo.scale-125.png">
      <Filter>Assets</Filter>
    </Image>
    <Image Include="Assets\Square150x150Logo.scale-150.png">
      <Filter>Assets</Filter>
    </Image>
    <Image Include="Assets\Square150x150Logo.scale-200.png">
      <Filter>Assets</Filter>
    </Image>
    <Image Include="Assets\Square150x150Logo.scale-400.png">
      <Filter>Assets</Filter>
    </Image>
    <Image Include="Assets\StoreLogo.backup.png">
      <Filter>Assets</Filter>
    </Image>
    <Image Include="Assets\StoreLogo.scale-100.png">
      <Filter>Assets</Filter>
    </Image>
    <Image Include="Assets\StoreLogo.scale-125.png">
      <Filter>Assets</Filter>
    </Image>
    <Image Include="Assets\StoreLogo.scale-150.png">
      <Filter>Assets</Filter>
    </Image>
    <Image Include="Assets\StoreLogo.scale-200.png">
      <Filter>Assets</Filter>
    </Image>
    <Image Include="Assets\StoreLogo.scale-400.png">
      <Filter>Assets</Filter>
    </Image>
    <Image Include="Assets\Wide310x150Logo.scale-200.png">
      <Filter>Assets</Filter>
    </Image>
    <Image Include="Assets\WideTile.scale-100.png">
      <Filter>Assets</Filter>
    </Image>
    <Image Include="Assets\WideTile.scale-125.png">
      <Filter>Assets</Filter>
    </Image>
    <Image Include="Assets\WideTile.scale-150.png">
      <Filter>Assets</Filter>
    </Image>
    <Image Include="Assets\WideTile.scale-200.png">
      <Filter>Assets</Filter>
    </Image>
    <Image Include="Assets\WideTile.scale-400.png">
      <Filter>Assets</Filter>
    </Image>
    <Image Include="Assets\LargeTile.scale-100.png">
      <Filter>Assets</Filter>
    </Image>
    <Image Include="Assets\LargeTile.scale-125.png">
      <Filter>Assets</Filter>
    </Image>
    <Image Include="Assets\LargeTile.scale-150.png">
      <Filter>Assets</Filter>
    </Image>
    <Image Include="Assets\LargeTile.scale-200.png">
      <Filter>Assets</Filter>
    </Image>
    <Image Include="Assets\LargeTile.scale-400.png">
      <Filter>Assets</Filter>
    </Image>
    <Image Include="Assets\LockScreenLogo.scale-200.png">
      <Filter>Assets</Filter>
    </Image>
    <Image Include="Assets\SmallTile.scale-100.png">
      <Filter>Assets</Filter>
    </Image>
    <Image Include="Assets\SmallTile.scale-125.png">
      <Filter>Assets</Filter>
    </Image>
    <Image Include="Assets\SmallTile.scale-150.png">
      <Filter>Assets</Filter>
    </Image>
    <Image Include="Assets\SmallTile.scale-200.png">
      <Filter>Assets</Filter>
    </Image>
    <Image Include="Assets\SmallTile.scale-400.png">
      <Filter>Assets</Filter>
    </Image>
    <Image Include="Assets\SplashScreen.scale-100.png">
      <Filter>Assets</Filter>
    </Image>
    <Image Include="Assets\SplashScreen.scale-125.png">
      <Filter>Assets</Filter>
    </Image>
    <Image Include="Assets\SplashScreen.scale-150.png">
      <Filter>Assets</Filter>
    </Image>
    <Image Include="Assets\SplashScreen.scale-200.png">
      <Filter>Assets</Filter>
    </Image>
    <Image Include="Assets\SplashScreen.scale-400.png">
      <Filter>Assets</Filter>
    </Image>
    <Image Include="Assets\Square44x44Logo.altform-lightunplated_targetsize-16.png">
      <Filter>Assets</Filter>
    </Image>
    <Image Include="Assets\Square44x44Logo.altform-lightunplated_targetsize-24.png">
      <Filter>Assets</Filter>
    </Image>
    <Image Include="Assets\Square44x44Logo.altform-lightunplated_targetsize-32.png">
      <Filter>Assets</Filter>
    </Image>
    <Image Include="Assets\Square44x44Logo.altform-lightunplated_targetsize-48.png">
      <Filter>Assets</Filter>
    </Image>
    <Image Include="Assets\Square44x44Logo.altform-lightunplated_targetsize-256.png">
      <Filter>Assets</Filter>
    </Image>
    <Image Include="Assets\Square44x44Logo.altform-unplated_targetsize-16.png">
      <Filter>Assets</Filter>
    </Image>
    <Image Include="Assets\Square44x44Logo.altform-unplated_targetsize-32.png">
      <Filter>Assets</Filter>
    </Image>
    <Image Include="Assets\Square44x44Logo.altform-unplated_targetsize-48.png">
      <Filter>Assets</Filter>
    </Image>
    <Image Include="Assets\Square44x44Logo.altform-unplated_targetsize-256.png">
      <Filter>Assets</Filter>
    </Image>
    <Image Include="Assets\Square44x44Logo.scale-100.png">
      <Filter>Assets</Filter>
    </Image>
    <Image Include="Assets\Square44x44Logo.scale-125.png">
      <Filter>Assets</Filter>
    </Image>
    <Image Include="Assets\Square44x44Logo.scale-150.png">
      <Filter>Assets</Filter>
    </Image>
    <Image Include="Assets\Square44x44Logo.scale-200.png">
      <Filter>Assets</Filter>
    </Image>
    <Image Include="Assets\Square44x44Logo.scale-400.png">
      <Filter>Assets</Filter>
    </Image>
    <Image Include="Assets\Square44x44Logo.targetsize-16.png">
      <Filter>Assets</Filter>
    </Image>
    <Image Include="Assets\Square44x44Logo.targetsize-24.png">
      <Filter>Assets</Filter>
    </Image>
    <Image Include="Assets\Square44x44Logo.targetsize-24_altform-unplated.png">
      <Filter>Assets</Filter>
    </Image>
    <Image Include="Assets\Square44x44Logo.targetsize-32.png">
      <Filter>Assets</Filter>
    </Image>
    <Image Include="Assets\Square44x44Logo.targetsize-48.png">
      <Filter>Assets</Filter>
    </Image>
    <Image Include="Assets\Square44x44Logo.targetsize-256.png">
      <Filter>Assets</Filter>
    </Image>
    <Image Include="resources\cover-placeholder.png">
      <Filter>resources</Filter>
    </Image>
    <Image Include="resources\fullscreenui\address-book-new.png">
      <Filter>resources\fullscreenui</Filter>
    </Image>
    <Image Include="resources\fullscreenui\applications-system.png">
      <Filter>resources\fullscreenui</Filter>
    </Image>
    <Image Include="resources\fullscreenui\media-cdrom.png">
      <Filter>resources\fullscreenui</Filter>
    </Image>
    <Image Include="resources\fullscreenui\placeholder.png">
      <Filter>resources\fullscreenui</Filter>
    </Image>
    <Image Include="resources\icons\AppIconLarge.png">
      <Filter>resources\icons</Filter>
    </Image>
    <Image Include="resources\icons\star-0.png">
      <Filter>resources\icons</Filter>
    </Image>
    <Image Include="resources\icons\star-1.png">
      <Filter>resources\icons</Filter>
    </Image>
    <Image Include="resources\icons\star-2.png">
      <Filter>resources\icons</Filter>
    </Image>
    <Image Include="resources\icons\star-3.png">
      <Filter>resources\icons</Filter>
    </Image>
    <Image Include="resources\icons\star-4.png">
      <Filter>resources\icons</Filter>
    </Image>
    <Image Include="resources\icons\star-5.png">
      <Filter>resources\icons</Filter>
    </Image>
    <Image Include="resources\icons\flags\NTSC-B.png">
      <Filter>resources\icons\flags</Filter>
    </Image>
    <Image Include="resources\icons\flags\NTSC-C.png">
      <Filter>resources\icons\flags</Filter>
    </Image>
    <Image Include="resources\icons\flags\NTSC-HK.png">
      <Filter>resources\icons\flags</Filter>
    </Image>
    <Image Include="resources\icons\flags\NTSC-J.png">
      <Filter>resources\icons\flags</Filter>
    </Image>
    <Image Include="resources\icons\flags\NTSC-K.png">
      <Filter>resources\icons\flags</Filter>
    </Image>
    <Image Include="resources\icons\flags\NTSC-T.png">
      <Filter>resources\icons\flags</Filter>
    </Image>
    <Image Include="resources\icons\flags\NTSC-U.png">
      <Filter>resources\icons\flags</Filter>
    </Image>
    <Image Include="resources\icons\flags\Other.png">
      <Filter>resources\icons\flags</Filter>
    </Image>
    <Image Include="resources\icons\flags\PAL-A.png">
      <Filter>resources\icons\flags</Filter>
    </Image>
    <Image Include="resources\icons\flags\PAL-AF.png">
      <Filter>resources\icons\flags</Filter>
    </Image>
    <Image Include="resources\icons\flags\PAL-AU.png">
      <Filter>resources\icons\flags</Filter>
    </Image>
    <Image Include="resources\icons\flags\PAL-BE.png">
      <Filter>resources\icons\flags</Filter>
    </Image>
    <Image Include="resources\icons\flags\PAL-E.png">
      <Filter>resources\icons\flags</Filter>
    </Image>
    <Image Include="resources\icons\flags\PAL-F.png">
      <Filter>resources\icons\flags</Filter>
    </Image>
    <Image Include="resources\icons\flags\PAL-FI.png">
      <Filter>resources\icons\flags</Filter>
    </Image>
    <Image Include="resources\icons\flags\PAL-G.png">
      <Filter>resources\icons\flags</Filter>
    </Image>
    <Image Include="resources\icons\flags\PAL-GR.png">
      <Filter>resources\icons\flags</Filter>
    </Image>
    <Image Include="resources\icons\flags\PAL-I.png">
      <Filter>resources\icons\flags</Filter>
    </Image>
    <Image Include="resources\icons\flags\PAL-IN.png">
      <Filter>resources\icons\flags</Filter>
    </Image>
    <Image Include="resources\icons\flags\PAL-M.png">
      <Filter>resources\icons\flags</Filter>
    </Image>
    <Image Include="resources\icons\flags\PAL-NL.png">
      <Filter>resources\icons\flags</Filter>
    </Image>
    <Image Include="resources\icons\flags\PAL-NO.png">
      <Filter>resources\icons\flags</Filter>
    </Image>
    <Image Include="resources\icons\flags\PAL-P.png">
      <Filter>resources\icons\flags</Filter>
    </Image>
    <Image Include="resources\icons\flags\PAL-R.png">
      <Filter>resources\icons\flags</Filter>
    </Image>
    <Image Include="resources\icons\flags\PAL-S.png">
      <Filter>resources\icons\flags</Filter>
    </Image>
    <Image Include="resources\icons\flags\PAL-SC.png">
      <Filter>resources\icons\flags</Filter>
    </Image>
    <Image Include="resources\icons\flags\PAL-SW.png">
      <Filter>resources\icons\flags</Filter>
    </Image>
    <Image Include="resources\icons\flags\PAL-SWI.png">
      <Filter>resources\icons\flags</Filter>
    </Image>
    <Image Include="resources\icons\flags\PAL-UK.png">
      <Filter>resources\icons\flags</Filter>
    </Image>
  </ItemGroup>
  <ItemGroup>
    <None Include="pcsx2-uwp_TemporaryKey.pfx" />
    <None Include="resources\cheats_ni.zip">
      <Filter>resources</Filter>
    </None>
    <None Include="resources\cheats_ws.zip">
      <Filter>resources</Filter>
    </None>
    <None Include="resources\shaders\dx11\convert.fx">
      <Filter>resources\shaders\dx11</Filter>
    </None>
    <None Include="resources\GameIndex.yaml">
      <Filter>resources</Filter>
    </None>
    <None Include="resources\shaders\dx11\interlace.fx">
      <Filter>resources\shaders\dx11</Filter>
    </None>
    <None Include="resources\shaders\dx11\merge.fx">
      <Filter>resources\shaders\dx11</Filter>
    </None>
    <None Include="resources\shaders\common\fxaa.fx">
      <Filter>resources\shaders\common</Filter>
    </None>
    <None Include="resources\shaders\dx11\present.fx">
      <Filter>resources\shaders\dx11</Filter>
    </None>
    <None Include="resources\shaders\dx11\shadeboost.fx">
      <Filter>resources\shaders\dx11</Filter>
    </None>
    <None Include="resources\shaders\dx11\tfx.fx">
      <Filter>resources\shaders\dx11</Filter>
    </None>
    <None Include="Package.StoreAssociation.xml" />
  </ItemGroup>
  <ItemGroup>
    <Text Include="resources\game_controller_db.txt">
      <Filter>resources</Filter>
    </Text>
  </ItemGroup>
  <ItemGroup>
    <Font Include="resources\fonts\fa-solid-900.ttf">
      <Filter>resources\fonts</Filter>
    </Font>
    <Font Include="resources\fonts\bold.ttf" />
    <Font Include="resources\fonts\regular.ttf" />
  </ItemGroup>
</Project>