<?xml version="1.0" encoding="utf-8"?>
<Project ToolsVersion="4.0" xmlns="http://schemas.microsoft.com/developer/msbuild/2003">
  <ItemGroup>
    <ClCompile Include="PrecompiledHeader.cpp" />
    <ClCompile Include="Main.cpp" />
    <ClCompile Include="NoGUIHost.cpp" />
    <ClCompile Include="Win32NoGUIPlatform.cpp" />
  </ItemGroup>
  <ItemGroup>
    <ClInclude Include="PrecompiledHeader.h" />
    <ClInclude Include="NoGUIHost.h" />
    <ClInclude Include="NoGUIPlatform.h" />
    <ClInclude Include="Win32NoGUIPlatform.h" />
    <ClInclude Include="Win32KeyNames.h" />
  </ItemGroup>
  <ItemGroup>
    <Manifest Include="pcsx2-nogui.manifest" />
  </ItemGroup>
  <ItemGroup>
    <ResourceCompile Include="..\pcsx2\PCSX2.rc" />
    <ResourceCompile Include="..\pcsx2\windows\wxResources.rc" />
  </ItemGroup>
</Project>